{
  "nodes": {
    "nixpkgs": {
      "locked": {
        "lastModified": 1638110343,
        "narHash": "sha256-hQaow8sGPyUrXgrqgDRsfA+73uR0vms2goTQNxIAaRQ=",
        "owner": "NixOS",
        "repo": "nixpkgs",
        "rev": "942eb9a335b4cd22fa6a7be31c494e53e76f5637",
        "type": "github"
      },
      "original": {
        "id": "nixpkgs",
        "ref": "nixos-unstable",
        "type": "indirect"
      }
    },
    "root": {
      "inputs": {
        "nixpkgs": "nixpkgs"
      }
    }
  },
  "root": "root",
  "version": 7
}
