{
  "nodes": {
    "nixpkgs": {
      "locked": {
        "lastModified": 1635314702,
        "narHash": "sha256-/CEuEaXFVl2vQ+o3lYzDPz4lfbHbMebyJqQ4jZ1PT30=",
        "owner": "NixOS",
        "repo": "nixpkgs",
        "rev": "a4bf44345706231f9dd56f85757499af1e940847",
        "type": "github"
      },
      "original": {
        "id": "nixpkgs",
        "ref": "nixos-unstable",
        "type": "indirect"
      }
    },
    "root": {
      "inputs": {
        "nixpkgs": "nixpkgs"
      }
    }
  },
  "root": "root",
  "version": 7
}
